
Microsoft Visual Studio Solution File, Format Version 12.00
# Visual Studio 15
VisualStudioVersion = 15.0.28010.2036
MinimumVisualStudioVersion = 10.0.40219.1
Project("{FAE04EC0-301F-11D3-BF4B-00C04F79EFBC}") = "DPWebApplication", "DPWebApplication\DPWebApplication.csproj", "{7F006AAF-6C63-4A12-8AE7-D9453F3B3F54}"
EndProject
Global
	GlobalSection(SolutionConfigurationPlatforms) = preSolution
		Debug|Any CPU = Debug|Any CPU
		Release|Any CPU = Release|Any CPU
	EndGlobalSection
	GlobalSection(ProjectConfigurationPlatforms) = postSolution
		{7F006AAF-6C63-4A12-8AE7-D9453F3B3F54}.Debug|Any CPU.ActiveCfg = Debug|Any CPU
		{7F006AAF-6C63-4A12-8AE7-D9453F3B3F54}.Debug|Any CPU.Build.0 = Debug|Any CPU
		{7F006AAF-6C63-4A12-8AE7-D9453F3B3F54}.Release|Any CPU.ActiveCfg = Release|Any CPU
		{7F006AAF-6C63-4A12-8AE7-D9453F3B3F54}.Release|Any CPU.Build.0 = Release|Any CPU
	EndGlobalSection
	GlobalSection(SolutionProperties) = preSolution
		HideSolutionNode = FALSE
	EndGlobalSection
	GlobalSection(ExtensibilityGlobals) = postSolution
		SolutionGuid = {106C2B92-9621-4365-BCD8-308278398F2F}
	EndGlobalSection
EndGlobal
